<?xml version="1.0" encoding="UTF-8"?>
<!DOCTYPE plist PUBLIC "-//Apple//DTD PLIST 1.0//EN" "http://www.apple.com/DTDs/PropertyList-1.0.dtd">
<plist version="1.0">
<dict>
	<key>archiveVersion</key>
	<string>1</string>
	<key>classes</key>
	<dict/>
	<key>objectVersion</key>
	<string>46</string>
	<key>objects</key>
	<dict>
		<key>0583C7E99BC856D27BFB4D3C</key>
		<dict>
			<key>includeInIndex</key>
			<string>1</string>
			<key>isa</key>
			<string>PBXFileReference</string>
			<key>lastKnownFileType</key>
			<string>text.xcconfig</string>
			<key>name</key>
			<string>Pods-Cork.debug.xcconfig</string>
			<key>path</key>
			<string>Pods/Target Support Files/Pods-Cork/Pods-Cork.debug.xcconfig</string>
			<key>sourceTree</key>
			<string>&lt;group&gt;</string>
		</dict>
		<key>1C358FF67BFAFFFFF8160501</key>
		<dict>
			<key>fileRef</key>
			<string>560A0B895822B23F235EBCEC</string>
			<key>isa</key>
			<string>PBXBuildFile</string>
		</dict>
		<key>2E01F517831C73ED5F5BF0B3</key>
		<dict>
			<key>children</key>
			<array>
				<string>4C5B1E7E1AE2EF5A00567980</string>
				<string>560A0B895822B23F235EBCEC</string>
			</array>
			<key>isa</key>
			<string>PBXGroup</string>
			<key>name</key>
			<string>Frameworks</string>
			<key>sourceTree</key>
			<string>&lt;group&gt;</string>
		</dict>
		<key>31D78458FA2693B94F77E4E7</key>
		<dict>
			<key>children</key>
			<array>
				<string>0583C7E99BC856D27BFB4D3C</string>
				<string>8B652B19C4D89FEF4445EFEF</string>
			</array>
			<key>isa</key>
			<string>PBXGroup</string>
			<key>name</key>
			<string>Pods</string>
			<key>sourceTree</key>
			<string>&lt;group&gt;</string>
		</dict>
		<key>4C5B1E7D1AE2EEE800567980</key>
		<dict>
			<key>buildActionMask</key>
			<string>2147483647</string>
			<key>files</key>
			<array/>
			<key>inputPaths</key>
			<array/>
			<key>isa</key>
			<string>PBXShellScriptBuildPhase</string>
			<key>name</key>
			<string>Mogenerator</string>
			<key>outputPaths</key>
			<array/>
			<key>runOnlyForDeploymentPostprocessing</key>
			<string>0</string>
			<key>shellPath</key>
			<string>/bin/sh</string>
			<key>shellScript</key>
			<string>#!/bin/bash

# paths are to the root of the repo unless otherwise specified
cd "$(git rev-parse --show-toplevel)"

MODEL_PATH="Cork/Classes/Model/Core Data/Cork.xcdatamodeld"
MACHINE_GENERATED_DESTINATION_PATH="Cork/Classes/Model/Core Data/Generated"
HUMAN_EDITABLE_GENERATED_DESTINATION_PATH="Cork/Classes/Model/Core Data"
TEMPLATES_PATH="Cork/Classes/Model/Core Data/Templates"
USER_NAME="$(osascript -e 'long user name of (system info)')"

/usr/local/bin/mogenerator \
--v2 \
--model "$MODEL_PATH" \
--machine-dir "$MACHINE_GENERATED_DESTINATION_PATH" \
--human-dir "$HUMAN_EDITABLE_GENERATED_DESTINATION_PATH" \
--template-path "$TEMPLATES_PATH" \
--template-var "userName=$USER_NAME"
</string>
		</dict>
		<key>4C5B1E7E1AE2EF5A00567980</key>
		<dict>
			<key>isa</key>
			<string>PBXFileReference</string>
			<key>lastKnownFileType</key>
			<string>wrapper.framework</string>
			<key>name</key>
			<string>CoreData.framework</string>
			<key>path</key>
			<string>System/Library/Frameworks/CoreData.framework</string>
			<key>sourceTree</key>
			<string>SDKROOT</string>
		</dict>
		<key>4C5B1E7F1AE2EF5A00567980</key>
		<dict>
			<key>fileRef</key>
			<string>4C5B1E7E1AE2EF5A00567980</string>
			<key>isa</key>
			<string>PBXBuildFile</string>
		</dict>
		<key>4C5B1E841AE2F09600567980</key>
		<dict>
			<key>children</key>
			<array>
				<string>4C5B1E851AE2F09600567980</string>
			</array>
			<key>currentVersion</key>
			<string>4C5B1E851AE2F09600567980</string>
			<key>isa</key>
			<string>XCVersionGroup</string>
			<key>path</key>
			<string>Cork.xcdatamodeld</string>
			<key>sourceTree</key>
			<string>&lt;group&gt;</string>
			<key>versionGroupType</key>
			<string>wrapper.xcdatamodel</string>
		</dict>
		<key>4C5B1E851AE2F09600567980</key>
		<dict>
			<key>isa</key>
			<string>PBXFileReference</string>
			<key>lastKnownFileType</key>
			<string>wrapper.xcdatamodel</string>
			<key>path</key>
			<string>Cork.xcdatamodel</string>
			<key>sourceTree</key>
			<string>&lt;group&gt;</string>
		</dict>
		<key>4C5B1E861AE2F09600567980</key>
		<dict>
			<key>fileRef</key>
			<string>4C5B1E841AE2F09600567980</string>
			<key>isa</key>
			<string>PBXBuildFile</string>
		</dict>
		<key>4C5B1E881AE2F5BE00567980</key>
		<dict>
			<key>fileEncoding</key>
			<string>4</string>
			<key>isa</key>
			<string>PBXFileReference</string>
			<key>lastKnownFileType</key>
			<string>sourcecode.c.h</string>
			<key>path</key>
			<string>CRKMessage.h</string>
			<key>sourceTree</key>
			<string>&lt;group&gt;</string>
		</dict>
		<key>4C5B1E891AE2F5BE00567980</key>
		<dict>
			<key>fileEncoding</key>
			<string>4</string>
			<key>isa</key>
			<string>PBXFileReference</string>
			<key>lastKnownFileType</key>
			<string>sourcecode.c.objc</string>
			<key>path</key>
			<string>CRKMessage.m</string>
			<key>sourceTree</key>
			<string>&lt;group&gt;</string>
		</dict>
		<key>4C5B1E8B1AE2F5BE00567980</key>
		<dict>
			<key>fileEncoding</key>
			<string>4</string>
			<key>isa</key>
			<string>PBXFileReference</string>
			<key>lastKnownFileType</key>
			<string>sourcecode.c.h</string>
			<key>path</key>
			<string>_CRKMessage.h</string>
			<key>sourceTree</key>
			<string>&lt;group&gt;</string>
		</dict>
		<key>4C5B1E8C1AE2F5BE00567980</key>
		<dict>
			<key>fileEncoding</key>
			<string>4</string>
			<key>isa</key>
			<string>PBXFileReference</string>
			<key>lastKnownFileType</key>
			<string>sourcecode.c.objc</string>
			<key>path</key>
			<string>_CRKMessage.m</string>
			<key>sourceTree</key>
			<string>&lt;group&gt;</string>
		</dict>
		<key>4C5B1E8D1AE2F5BE00567980</key>
		<dict>
			<key>fileRef</key>
			<string>4C5B1E891AE2F5BE00567980</string>
			<key>isa</key>
			<string>PBXBuildFile</string>
		</dict>
		<key>4C5B1E8E1AE2F5BE00567980</key>
		<dict>
			<key>fileRef</key>
			<string>4C5B1E8C1AE2F5BE00567980</string>
			<key>isa</key>
			<string>PBXBuildFile</string>
		</dict>
		<key>4C7B68011AE3016800DA4AE5</key>
		<dict>
			<key>fileEncoding</key>
			<string>4</string>
			<key>isa</key>
			<string>PBXFileReference</string>
			<key>lastKnownFileType</key>
			<string>sourcecode.c.h</string>
			<key>path</key>
			<string>CRKCoreDataHelper.h</string>
			<key>sourceTree</key>
			<string>&lt;group&gt;</string>
		</dict>
		<key>4C7B68021AE3016800DA4AE5</key>
		<dict>
			<key>fileEncoding</key>
			<string>4</string>
			<key>isa</key>
			<string>PBXFileReference</string>
			<key>lastKnownFileType</key>
			<string>sourcecode.c.objc</string>
			<key>path</key>
			<string>CRKCoreDataHelper.m</string>
			<key>sourceTree</key>
			<string>&lt;group&gt;</string>
		</dict>
		<key>4C7B68031AE3016800DA4AE5</key>
		<dict>
			<key>fileRef</key>
			<string>4C7B68021AE3016800DA4AE5</string>
			<key>isa</key>
			<string>PBXBuildFile</string>
		</dict>
		<key>560A0B895822B23F235EBCEC</key>
		<dict>
			<key>explicitFileType</key>
			<string>archive.ar</string>
			<key>includeInIndex</key>
			<string>0</string>
			<key>isa</key>
			<string>PBXFileReference</string>
			<key>path</key>
			<string>libPods-Cork.a</string>
			<key>sourceTree</key>
			<string>BUILT_PRODUCTS_DIR</string>
		</dict>
		<key>7142C8A3A39C85EB743D39DA</key>
		<dict>
			<key>buildActionMask</key>
			<string>2147483647</string>
			<key>files</key>
			<array/>
			<key>inputPaths</key>
			<array/>
			<key>isa</key>
			<string>PBXShellScriptBuildPhase</string>
			<key>name</key>
			<string>Copy Pods Resources</string>
			<key>outputPaths</key>
			<array/>
			<key>runOnlyForDeploymentPostprocessing</key>
			<string>0</string>
			<key>shellPath</key>
			<string>/bin/sh</string>
			<key>shellScript</key>
			<string>"${SRCROOT}/Pods/Target Support Files/Pods-Cork/Pods-Cork-resources.sh"
</string>
			<key>showEnvVarsInLog</key>
			<string>0</string>
		</dict>
		<key>8B652B19C4D89FEF4445EFEF</key>
		<dict>
			<key>includeInIndex</key>
			<string>1</string>
			<key>isa</key>
			<string>PBXFileReference</string>
			<key>lastKnownFileType</key>
			<string>text.xcconfig</string>
			<key>name</key>
			<string>Pods-Cork.release.xcconfig</string>
			<key>path</key>
			<string>Pods/Target Support Files/Pods-Cork/Pods-Cork.release.xcconfig</string>
			<key>sourceTree</key>
			<string>&lt;group&gt;</string>
		</dict>
		<key>9FB0FC40CD632BEC37EDC704</key>
		<dict>
			<key>buildActionMask</key>
			<string>2147483647</string>
			<key>files</key>
			<array/>
			<key>inputPaths</key>
			<array/>
			<key>isa</key>
			<string>PBXShellScriptBuildPhase</string>
			<key>name</key>
			<string>Check Pods Manifest.lock</string>
			<key>outputPaths</key>
			<array/>
			<key>runOnlyForDeploymentPostprocessing</key>
			<string>0</string>
			<key>shellPath</key>
			<string>/bin/sh</string>
			<key>shellScript</key>
			<string>diff "${PODS_ROOT}/../Podfile.lock" "${PODS_ROOT}/Manifest.lock" &gt; /dev/null
if [[ $? != 0 ]] ; then
    cat &lt;&lt; EOM
error: The sandbox is not in sync with the Podfile.lock. Run 'pod install' or update your CocoaPods installation.
EOM
    exit 1
fi
</string>
			<key>showEnvVarsInLog</key>
			<string>0</string>
		</dict>
		<key>C3D12CE31AE2CF020061C385</key>
		<dict>
			<key>children</key>
			<array>
				<string>C3D12CEE1AE2CF020061C385</string>
				<string>C3D12D081AE2CF020061C385</string>
				<string>C3D12CED1AE2CF020061C385</string>
				<string>31D78458FA2693B94F77E4E7</string>
				<string>2E01F517831C73ED5F5BF0B3</string>
			</array>
			<key>isa</key>
			<string>PBXGroup</string>
			<key>sourceTree</key>
			<string>&lt;group&gt;</string>
			<key>usesTabs</key>
			<string>0</string>
		</dict>
		<key>C3D12CE41AE2CF020061C385</key>
		<dict>
			<key>attributes</key>
			<dict>
				<key>CLASSPREFIX</key>
				<string>CRK</string>
				<key>LastUpgradeCheck</key>
				<string>0630</string>
				<key>ORGANIZATIONNAME</key>
				<string>Grant Butler</string>
				<key>TargetAttributes</key>
				<dict>
					<key>C3D12CEB1AE2CF020061C385</key>
					<dict>
						<key>CreatedOnToolsVersion</key>
						<string>6.3</string>
						<key>SystemCapabilities</key>
						<dict>
							<key>com.apple.BackgroundModes</key>
							<dict>
								<key>enabled</key>
								<string>1</string>
							</dict>
						</dict>
					</dict>
					<key>C3D12D041AE2CF020061C385</key>
					<dict>
						<key>CreatedOnToolsVersion</key>
						<string>6.3</string>
						<key>TestTargetID</key>
						<string>C3D12CEB1AE2CF020061C385</string>
					</dict>
				</dict>
			</dict>
			<key>buildConfigurationList</key>
			<string>C3D12CE71AE2CF020061C385</string>
			<key>compatibilityVersion</key>
			<string>Xcode 3.2</string>
			<key>developmentRegion</key>
			<string>English</string>
			<key>hasScannedForEncodings</key>
			<string>0</string>
			<key>isa</key>
			<string>PBXProject</string>
			<key>knownRegions</key>
			<array>
				<string>en</string>
				<string>Base</string>
			</array>
			<key>mainGroup</key>
			<string>C3D12CE31AE2CF020061C385</string>
			<key>productRefGroup</key>
			<string>C3D12CED1AE2CF020061C385</string>
			<key>projectDirPath</key>
			<string></string>
			<key>projectReferences</key>
			<array/>
			<key>projectRoot</key>
			<string></string>
			<key>targets</key>
			<array>
				<string>C3D12CEB1AE2CF020061C385</string>
				<string>C3D12D041AE2CF020061C385</string>
			</array>
		</dict>
		<key>C3D12CE71AE2CF020061C385</key>
		<dict>
			<key>buildConfigurations</key>
			<array>
				<string>C3D12D0D1AE2CF020061C385</string>
				<string>C3D12D0E1AE2CF020061C385</string>
			</array>
			<key>defaultConfigurationIsVisible</key>
			<string>0</string>
			<key>defaultConfigurationName</key>
			<string>Release</string>
			<key>isa</key>
			<string>XCConfigurationList</string>
		</dict>
		<key>C3D12CE81AE2CF020061C385</key>
		<dict>
			<key>buildActionMask</key>
			<string>2147483647</string>
			<key>files</key>
			<array>
				<string>C3D12CF81AE2CF020061C385</string>
				<string>C3D12D501AE2F4010061C385</string>
				<string>C3FD168A1AE30AF2003D22DD</string>
				<string>4C5B1E8D1AE2F5BE00567980</string>
				<string>4C7B68031AE3016800DA4AE5</string>
				<string>4C5B1E8E1AE2F5BE00567980</string>
				<string>4C5B1E861AE2F09600567980</string>
				<string>C3FD16891AE30AEF003D22DD</string>
				<string>C3D12CF51AE2CF020061C385</string>
				<string>C3D12CF21AE2CF020061C385</string>
			</array>
			<key>isa</key>
			<string>PBXSourcesBuildPhase</string>
			<key>runOnlyForDeploymentPostprocessing</key>
			<string>0</string>
		</dict>
		<key>C3D12CE91AE2CF020061C385</key>
		<dict>
			<key>buildActionMask</key>
			<string>2147483647</string>
			<key>files</key>
			<array>
				<string>4C5B1E7F1AE2EF5A00567980</string>
				<string>1C358FF67BFAFFFFF8160501</string>
			</array>
			<key>isa</key>
			<string>PBXFrameworksBuildPhase</string>
			<key>runOnlyForDeploymentPostprocessing</key>
			<string>0</string>
		</dict>
		<key>C3D12CEA1AE2CF020061C385</key>
		<dict>
			<key>buildActionMask</key>
			<string>2147483647</string>
			<key>files</key>
			<array>
				<string>C3D12CFB1AE2CF020061C385</string>
				<string>C3D12D001AE2CF020061C385</string>
				<string>C3D12CFD1AE2CF020061C385</string>
			</array>
			<key>isa</key>
			<string>PBXResourcesBuildPhase</string>
			<key>runOnlyForDeploymentPostprocessing</key>
			<string>0</string>
		</dict>
		<key>C3D12CEB1AE2CF020061C385</key>
		<dict>
			<key>buildConfigurationList</key>
			<string>C3D12D0F1AE2CF020061C385</string>
			<key>buildPhases</key>
			<array>
				<string>9FB0FC40CD632BEC37EDC704</string>
				<string>4C5B1E7D1AE2EEE800567980</string>
				<string>C3D12CE81AE2CF020061C385</string>
				<string>C3D12CE91AE2CF020061C385</string>
				<string>C3D12CEA1AE2CF020061C385</string>
				<string>7142C8A3A39C85EB743D39DA</string>
			</array>
			<key>buildRules</key>
			<array/>
			<key>dependencies</key>
			<array/>
			<key>isa</key>
			<string>PBXNativeTarget</string>
			<key>name</key>
			<string>Cork</string>
			<key>productName</key>
			<string>Cork</string>
			<key>productReference</key>
			<string>C3D12CEC1AE2CF020061C385</string>
			<key>productType</key>
			<string>com.apple.product-type.application</string>
		</dict>
		<key>C3D12CEC1AE2CF020061C385</key>
		<dict>
			<key>explicitFileType</key>
			<string>wrapper.application</string>
			<key>includeInIndex</key>
			<string>0</string>
			<key>isa</key>
			<string>PBXFileReference</string>
			<key>path</key>
			<string>Cork.app</string>
			<key>sourceTree</key>
			<string>BUILT_PRODUCTS_DIR</string>
		</dict>
		<key>C3D12CED1AE2CF020061C385</key>
		<dict>
			<key>children</key>
			<array>
				<string>C3D12CEC1AE2CF020061C385</string>
				<string>C3D12D051AE2CF020061C385</string>
			</array>
			<key>isa</key>
			<string>PBXGroup</string>
			<key>name</key>
			<string>Products</string>
			<key>sourceTree</key>
			<string>&lt;group&gt;</string>
		</dict>
		<key>C3D12CEE1AE2CF020061C385</key>
		<dict>
			<key>children</key>
			<array>
				<string>C3D12D531AE309970061C385</string>
				<string>C3FD168B1AE30B0B003D22DD</string>
				<string>C3D12CEF1AE2CF020061C385</string>
			</array>
			<key>isa</key>
			<string>PBXGroup</string>
			<key>path</key>
			<string>Cork</string>
			<key>sourceTree</key>
			<string>&lt;group&gt;</string>
		</dict>
		<key>C3D12CEF1AE2CF020061C385</key>
		<dict>
			<key>children</key>
			<array>
				<string>C3D12CF01AE2CF020061C385</string>
				<string>C3D12CF11AE2CF020061C385</string>
			</array>
			<key>isa</key>
			<string>PBXGroup</string>
			<key>path</key>
			<string>Supporting Files</string>
			<key>sourceTree</key>
			<string>&lt;group&gt;</string>
		</dict>
		<key>C3D12CF01AE2CF020061C385</key>
		<dict>
			<key>isa</key>
			<string>PBXFileReference</string>
			<key>lastKnownFileType</key>
			<string>text.plist.xml</string>
			<key>path</key>
			<string>Info.plist</string>
			<key>sourceTree</key>
			<string>&lt;group&gt;</string>
		</dict>
		<key>C3D12CF11AE2CF020061C385</key>
		<dict>
			<key>isa</key>
			<string>PBXFileReference</string>
			<key>lastKnownFileType</key>
			<string>sourcecode.c.objc</string>
			<key>path</key>
			<string>main.m</string>
			<key>sourceTree</key>
			<string>&lt;group&gt;</string>
		</dict>
		<key>C3D12CF21AE2CF020061C385</key>
		<dict>
			<key>fileRef</key>
			<string>C3D12CF11AE2CF020061C385</string>
			<key>isa</key>
			<string>PBXBuildFile</string>
		</dict>
		<key>C3D12CF31AE2CF020061C385</key>
		<dict>
			<key>isa</key>
			<string>PBXFileReference</string>
			<key>lastKnownFileType</key>
			<string>sourcecode.c.h</string>
			<key>path</key>
			<string>CRKAppDelegate.h</string>
			<key>sourceTree</key>
			<string>&lt;group&gt;</string>
		</dict>
		<key>C3D12CF41AE2CF020061C385</key>
		<dict>
			<key>isa</key>
			<string>PBXFileReference</string>
			<key>lastKnownFileType</key>
			<string>sourcecode.c.objc</string>
			<key>lineEnding</key>
			<string>0</string>
			<key>path</key>
			<string>CRKAppDelegate.m</string>
			<key>sourceTree</key>
			<string>&lt;group&gt;</string>
			<key>xcLanguageSpecificationIdentifier</key>
			<string>xcode.lang.objc</string>
		</dict>
		<key>C3D12CF51AE2CF020061C385</key>
		<dict>
			<key>fileRef</key>
			<string>C3D12CF41AE2CF020061C385</string>
			<key>isa</key>
			<string>PBXBuildFile</string>
		</dict>
		<key>C3D12CF61AE2CF020061C385</key>
		<dict>
			<key>isa</key>
			<string>PBXFileReference</string>
			<key>lastKnownFileType</key>
			<string>sourcecode.c.h</string>
			<key>path</key>
			<string>CRKRootViewController.h</string>
			<key>sourceTree</key>
			<string>&lt;group&gt;</string>
		</dict>
		<key>C3D12CF71AE2CF020061C385</key>
		<dict>
			<key>isa</key>
			<string>PBXFileReference</string>
			<key>lastKnownFileType</key>
			<string>sourcecode.c.objc</string>
			<key>path</key>
			<string>CRKRootViewController.m</string>
			<key>sourceTree</key>
			<string>&lt;group&gt;</string>
		</dict>
		<key>C3D12CF81AE2CF020061C385</key>
		<dict>
			<key>fileRef</key>
			<string>C3D12CF71AE2CF020061C385</string>
			<key>isa</key>
			<string>PBXBuildFile</string>
		</dict>
		<key>C3D12CF91AE2CF020061C385</key>
		<dict>
			<key>children</key>
			<array>
				<string>C3D12CFA1AE2CF020061C385</string>
			</array>
			<key>isa</key>
			<string>PBXVariantGroup</string>
			<key>name</key>
			<string>Main.storyboard</string>
			<key>path</key>
			<string>.</string>
			<key>sourceTree</key>
			<string>&lt;group&gt;</string>
		</dict>
		<key>C3D12CFA1AE2CF020061C385</key>
		<dict>
			<key>isa</key>
			<string>PBXFileReference</string>
			<key>lastKnownFileType</key>
			<string>file.storyboard</string>
			<key>name</key>
			<string>Base</string>
			<key>path</key>
			<string>Base.lproj/Main.storyboard</string>
			<key>sourceTree</key>
			<string>&lt;group&gt;</string>
		</dict>
		<key>C3D12CFB1AE2CF020061C385</key>
		<dict>
			<key>fileRef</key>
			<string>C3D12CF91AE2CF020061C385</string>
			<key>isa</key>
			<string>PBXBuildFile</string>
		</dict>
		<key>C3D12CFC1AE2CF020061C385</key>
		<dict>
			<key>isa</key>
			<string>PBXFileReference</string>
			<key>lastKnownFileType</key>
			<string>folder.assetcatalog</string>
			<key>path</key>
			<string>Images.xcassets</string>
			<key>sourceTree</key>
			<string>&lt;group&gt;</string>
		</dict>
		<key>C3D12CFD1AE2CF020061C385</key>
		<dict>
			<key>fileRef</key>
			<string>C3D12CFC1AE2CF020061C385</string>
			<key>isa</key>
			<string>PBXBuildFile</string>
		</dict>
		<key>C3D12CFE1AE2CF020061C385</key>
		<dict>
			<key>children</key>
			<array>
				<string>C3D12CFF1AE2CF020061C385</string>
			</array>
			<key>isa</key>
			<string>PBXVariantGroup</string>
			<key>name</key>
			<string>LaunchScreen.xib</string>
			<key>path</key>
			<string>.</string>
			<key>sourceTree</key>
			<string>&lt;group&gt;</string>
		</dict>
		<key>C3D12CFF1AE2CF020061C385</key>
		<dict>
			<key>isa</key>
			<string>PBXFileReference</string>
			<key>lastKnownFileType</key>
			<string>file.xib</string>
			<key>name</key>
			<string>Base</string>
			<key>path</key>
			<string>Base.lproj/LaunchScreen.xib</string>
			<key>sourceTree</key>
			<string>&lt;group&gt;</string>
		</dict>
		<key>C3D12D001AE2CF020061C385</key>
		<dict>
			<key>fileRef</key>
			<string>C3D12CFE1AE2CF020061C385</string>
			<key>isa</key>
			<string>PBXBuildFile</string>
		</dict>
		<key>C3D12D011AE2CF020061C385</key>
		<dict>
			<key>buildActionMask</key>
			<string>2147483647</string>
			<key>files</key>
			<array>
				<string>C3D12D0C1AE2CF020061C385</string>
			</array>
			<key>isa</key>
			<string>PBXSourcesBuildPhase</string>
			<key>runOnlyForDeploymentPostprocessing</key>
			<string>0</string>
		</dict>
		<key>C3D12D021AE2CF020061C385</key>
		<dict>
			<key>buildActionMask</key>
			<string>2147483647</string>
			<key>files</key>
			<array/>
			<key>isa</key>
			<string>PBXFrameworksBuildPhase</string>
			<key>runOnlyForDeploymentPostprocessing</key>
			<string>0</string>
		</dict>
		<key>C3D12D031AE2CF020061C385</key>
		<dict>
			<key>buildActionMask</key>
			<string>2147483647</string>
			<key>files</key>
			<array/>
			<key>isa</key>
			<string>PBXResourcesBuildPhase</string>
			<key>runOnlyForDeploymentPostprocessing</key>
			<string>0</string>
		</dict>
		<key>C3D12D041AE2CF020061C385</key>
		<dict>
			<key>buildConfigurationList</key>
			<string>C3D12D121AE2CF020061C385</string>
			<key>buildPhases</key>
			<array>
				<string>C3D12D011AE2CF020061C385</string>
				<string>C3D12D021AE2CF020061C385</string>
				<string>C3D12D031AE2CF020061C385</string>
			</array>
			<key>buildRules</key>
			<array/>
			<key>dependencies</key>
			<array>
				<string>C3D12D071AE2CF020061C385</string>
			</array>
			<key>isa</key>
			<string>PBXNativeTarget</string>
			<key>name</key>
			<string>CorkTests</string>
			<key>productName</key>
			<string>CorkTests</string>
			<key>productReference</key>
			<string>C3D12D051AE2CF020061C385</string>
			<key>productType</key>
			<string>com.apple.product-type.bundle.unit-test</string>
		</dict>
		<key>C3D12D051AE2CF020061C385</key>
		<dict>
			<key>explicitFileType</key>
			<string>wrapper.cfbundle</string>
			<key>includeInIndex</key>
			<string>0</string>
			<key>isa</key>
			<string>PBXFileReference</string>
			<key>path</key>
			<string>CorkTests.xctest</string>
			<key>sourceTree</key>
			<string>BUILT_PRODUCTS_DIR</string>
		</dict>
		<key>C3D12D061AE2CF020061C385</key>
		<dict>
			<key>containerPortal</key>
			<string>C3D12CE41AE2CF020061C385</string>
			<key>isa</key>
			<string>PBXContainerItemProxy</string>
			<key>proxyType</key>
			<string>1</string>
			<key>remoteGlobalIDString</key>
			<string>C3D12CEB1AE2CF020061C385</string>
			<key>remoteInfo</key>
			<string>Cork</string>
		</dict>
		<key>C3D12D071AE2CF020061C385</key>
		<dict>
			<key>isa</key>
			<string>PBXTargetDependency</string>
			<key>target</key>
			<string>C3D12CEB1AE2CF020061C385</string>
			<key>targetProxy</key>
			<string>C3D12D061AE2CF020061C385</string>
		</dict>
		<key>C3D12D081AE2CF020061C385</key>
		<dict>
			<key>children</key>
			<array>
				<string>C3D12D0B1AE2CF020061C385</string>
				<string>C3D12D091AE2CF020061C385</string>
			</array>
			<key>isa</key>
			<string>PBXGroup</string>
			<key>path</key>
			<string>CorkTests</string>
			<key>sourceTree</key>
			<string>&lt;group&gt;</string>
		</dict>
		<key>C3D12D091AE2CF020061C385</key>
		<dict>
			<key>children</key>
			<array>
				<string>C3D12D0A1AE2CF020061C385</string>
			</array>
			<key>isa</key>
			<string>PBXGroup</string>
			<key>path</key>
			<string>Supporting Files</string>
			<key>sourceTree</key>
			<string>&lt;group&gt;</string>
		</dict>
		<key>C3D12D0A1AE2CF020061C385</key>
		<dict>
			<key>isa</key>
			<string>PBXFileReference</string>
			<key>lastKnownFileType</key>
			<string>text.plist.xml</string>
			<key>path</key>
			<string>Info.plist</string>
			<key>sourceTree</key>
			<string>&lt;group&gt;</string>
		</dict>
		<key>C3D12D0B1AE2CF020061C385</key>
		<dict>
			<key>isa</key>
			<string>PBXFileReference</string>
			<key>lastKnownFileType</key>
			<string>sourcecode.c.objc</string>
			<key>path</key>
			<string>CorkTests.m</string>
			<key>sourceTree</key>
			<string>&lt;group&gt;</string>
		</dict>
		<key>C3D12D0C1AE2CF020061C385</key>
		<dict>
			<key>fileRef</key>
			<string>C3D12D0B1AE2CF020061C385</string>
			<key>isa</key>
			<string>PBXBuildFile</string>
		</dict>
		<key>C3D12D0D1AE2CF020061C385</key>
		<dict>
			<key>buildSettings</key>
			<dict>
				<key>ALWAYS_SEARCH_USER_PATHS</key>
				<string>NO</string>
				<key>CLANG_CXX_LANGUAGE_STANDARD</key>
				<string>gnu++0x</string>
				<key>CLANG_CXX_LIBRARY</key>
				<string>libc++</string>
				<key>CLANG_ENABLE_MODULES</key>
				<string>YES</string>
				<key>CLANG_ENABLE_OBJC_ARC</key>
				<string>YES</string>
				<key>CLANG_WARN_BOOL_CONVERSION</key>
				<string>YES</string>
				<key>CLANG_WARN_CONSTANT_CONVERSION</key>
				<string>YES</string>
				<key>CLANG_WARN_DIRECT_OBJC_ISA_USAGE</key>
				<string>YES_ERROR</string>
				<key>CLANG_WARN_EMPTY_BODY</key>
				<string>YES</string>
				<key>CLANG_WARN_ENUM_CONVERSION</key>
				<string>YES</string>
				<key>CLANG_WARN_INT_CONVERSION</key>
				<string>YES</string>
				<key>CLANG_WARN_OBJC_ROOT_CLASS</key>
				<string>YES_ERROR</string>
				<key>CLANG_WARN_UNREACHABLE_CODE</key>
				<string>YES</string>
				<key>CLANG_WARN__DUPLICATE_METHOD_MATCH</key>
				<string>YES</string>
				<key>CODE_SIGN_IDENTITY[sdk=iphoneos*]</key>
				<string>iPhone Developer</string>
				<key>COPY_PHASE_STRIP</key>
				<string>NO</string>
				<key>DEBUG_INFORMATION_FORMAT</key>
				<string>dwarf-with-dsym</string>
				<key>ENABLE_STRICT_OBJC_MSGSEND</key>
				<string>YES</string>
				<key>GCC_C_LANGUAGE_STANDARD</key>
				<string>gnu99</string>
				<key>GCC_DYNAMIC_NO_PIC</key>
				<string>NO</string>
				<key>GCC_NO_COMMON_BLOCKS</key>
				<string>YES</string>
				<key>GCC_OPTIMIZATION_LEVEL</key>
				<string>0</string>
				<key>GCC_PREPROCESSOR_DEFINITIONS</key>
				<array>
					<string>DEBUG=1</string>
					<string>$(inherited)</string>
				</array>
				<key>GCC_SYMBOLS_PRIVATE_EXTERN</key>
				<string>NO</string>
				<key>GCC_WARN_64_TO_32_BIT_CONVERSION</key>
				<string>YES</string>
				<key>GCC_WARN_ABOUT_RETURN_TYPE</key>
				<string>YES_ERROR</string>
				<key>GCC_WARN_UNDECLARED_SELECTOR</key>
				<string>YES</string>
				<key>GCC_WARN_UNINITIALIZED_AUTOS</key>
				<string>YES_AGGRESSIVE</string>
				<key>GCC_WARN_UNUSED_FUNCTION</key>
				<string>YES</string>
				<key>GCC_WARN_UNUSED_VARIABLE</key>
				<string>YES</string>
				<key>IPHONEOS_DEPLOYMENT_TARGET</key>
				<string>8.3</string>
				<key>MTL_ENABLE_DEBUG_INFO</key>
				<string>YES</string>
				<key>ONLY_ACTIVE_ARCH</key>
				<string>YES</string>
				<key>SDKROOT</key>
				<string>iphoneos</string>
			</dict>
			<key>isa</key>
			<string>XCBuildConfiguration</string>
			<key>name</key>
			<string>Debug</string>
		</dict>
		<key>C3D12D0E1AE2CF020061C385</key>
		<dict>
			<key>buildSettings</key>
			<dict>
				<key>ALWAYS_SEARCH_USER_PATHS</key>
				<string>NO</string>
				<key>CLANG_CXX_LANGUAGE_STANDARD</key>
				<string>gnu++0x</string>
				<key>CLANG_CXX_LIBRARY</key>
				<string>libc++</string>
				<key>CLANG_ENABLE_MODULES</key>
				<string>YES</string>
				<key>CLANG_ENABLE_OBJC_ARC</key>
				<string>YES</string>
				<key>CLANG_WARN_BOOL_CONVERSION</key>
				<string>YES</string>
				<key>CLANG_WARN_CONSTANT_CONVERSION</key>
				<string>YES</string>
				<key>CLANG_WARN_DIRECT_OBJC_ISA_USAGE</key>
				<string>YES_ERROR</string>
				<key>CLANG_WARN_EMPTY_BODY</key>
				<string>YES</string>
				<key>CLANG_WARN_ENUM_CONVERSION</key>
				<string>YES</string>
				<key>CLANG_WARN_INT_CONVERSION</key>
				<string>YES</string>
				<key>CLANG_WARN_OBJC_ROOT_CLASS</key>
				<string>YES_ERROR</string>
				<key>CLANG_WARN_UNREACHABLE_CODE</key>
				<string>YES</string>
				<key>CLANG_WARN__DUPLICATE_METHOD_MATCH</key>
				<string>YES</string>
				<key>CODE_SIGN_IDENTITY[sdk=iphoneos*]</key>
				<string>iPhone Developer</string>
				<key>COPY_PHASE_STRIP</key>
				<string>NO</string>
				<key>DEBUG_INFORMATION_FORMAT</key>
				<string>dwarf-with-dsym</string>
				<key>ENABLE_NS_ASSERTIONS</key>
				<string>NO</string>
				<key>ENABLE_STRICT_OBJC_MSGSEND</key>
				<string>YES</string>
				<key>GCC_C_LANGUAGE_STANDARD</key>
				<string>gnu99</string>
				<key>GCC_NO_COMMON_BLOCKS</key>
				<string>YES</string>
				<key>GCC_WARN_64_TO_32_BIT_CONVERSION</key>
				<string>YES</string>
				<key>GCC_WARN_ABOUT_RETURN_TYPE</key>
				<string>YES_ERROR</string>
				<key>GCC_WARN_UNDECLARED_SELECTOR</key>
				<string>YES</string>
				<key>GCC_WARN_UNINITIALIZED_AUTOS</key>
				<string>YES_AGGRESSIVE</string>
				<key>GCC_WARN_UNUSED_FUNCTION</key>
				<string>YES</string>
				<key>GCC_WARN_UNUSED_VARIABLE</key>
				<string>YES</string>
				<key>IPHONEOS_DEPLOYMENT_TARGET</key>
				<string>8.3</string>
				<key>MTL_ENABLE_DEBUG_INFO</key>
				<string>NO</string>
				<key>SDKROOT</key>
				<string>iphoneos</string>
				<key>VALIDATE_PRODUCT</key>
				<string>YES</string>
			</dict>
			<key>isa</key>
			<string>XCBuildConfiguration</string>
			<key>name</key>
			<string>Release</string>
		</dict>
		<key>C3D12D0F1AE2CF020061C385</key>
		<dict>
			<key>buildConfigurations</key>
			<array>
				<string>C3D12D101AE2CF020061C385</string>
				<string>C3D12D111AE2CF020061C385</string>
			</array>
			<key>defaultConfigurationIsVisible</key>
			<string>0</string>
			<key>defaultConfigurationName</key>
			<string>Release</string>
			<key>isa</key>
			<string>XCConfigurationList</string>
		</dict>
		<key>C3D12D101AE2CF020061C385</key>
		<dict>
			<key>baseConfigurationReference</key>
			<string>0583C7E99BC856D27BFB4D3C</string>
			<key>buildSettings</key>
			<dict>
				<key>ASSETCATALOG_COMPILER_APPICON_NAME</key>
				<string>AppIcon</string>
				<key>INFOPLIST_FILE</key>
				<string>Cork/Supporting Files/Info.plist</string>
				<key>LD_RUNPATH_SEARCH_PATHS</key>
				<string>$(inherited) @executable_path/Frameworks</string>
				<key>PRODUCT_NAME</key>
				<string>$(TARGET_NAME)</string>
			</dict>
			<key>isa</key>
			<string>XCBuildConfiguration</string>
			<key>name</key>
			<string>Debug</string>
		</dict>
		<key>C3D12D111AE2CF020061C385</key>
		<dict>
			<key>baseConfigurationReference</key>
			<string>8B652B19C4D89FEF4445EFEF</string>
			<key>buildSettings</key>
			<dict>
				<key>ASSETCATALOG_COMPILER_APPICON_NAME</key>
				<string>AppIcon</string>
				<key>INFOPLIST_FILE</key>
				<string>Cork/Supporting Files/Info.plist</string>
				<key>LD_RUNPATH_SEARCH_PATHS</key>
				<string>$(inherited) @executable_path/Frameworks</string>
				<key>PRODUCT_NAME</key>
				<string>$(TARGET_NAME)</string>
			</dict>
			<key>isa</key>
			<string>XCBuildConfiguration</string>
			<key>name</key>
			<string>Release</string>
		</dict>
		<key>C3D12D121AE2CF020061C385</key>
		<dict>
			<key>buildConfigurations</key>
			<array>
				<string>C3D12D131AE2CF020061C385</string>
				<string>C3D12D141AE2CF020061C385</string>
			</array>
			<key>defaultConfigurationIsVisible</key>
			<string>0</string>
			<key>defaultConfigurationName</key>
			<string>Release</string>
			<key>isa</key>
			<string>XCConfigurationList</string>
		</dict>
		<key>C3D12D131AE2CF020061C385</key>
		<dict>
			<key>buildSettings</key>
			<dict>
				<key>BUNDLE_LOADER</key>
				<string>$(TEST_HOST)</string>
				<key>FRAMEWORK_SEARCH_PATHS</key>
				<array>
					<string>$(SDKROOT)/Developer/Library/Frameworks</string>
					<string>$(inherited)</string>
				</array>
				<key>GCC_PREPROCESSOR_DEFINITIONS</key>
				<array>
					<string>DEBUG=1</string>
					<string>$(inherited)</string>
				</array>
				<key>INFOPLIST_FILE</key>
				<string>CorkTests/Supporting Files/Info.plist</string>
				<key>LD_RUNPATH_SEARCH_PATHS</key>
				<string>$(inherited) @executable_path/Frameworks @loader_path/Frameworks</string>
				<key>PRODUCT_NAME</key>
				<string>$(TARGET_NAME)</string>
				<key>TEST_HOST</key>
				<string>$(BUILT_PRODUCTS_DIR)/Cork.app/Cork</string>
			</dict>
			<key>isa</key>
			<string>XCBuildConfiguration</string>
			<key>name</key>
			<string>Debug</string>
		</dict>
		<key>C3D12D141AE2CF020061C385</key>
		<dict>
			<key>buildSettings</key>
			<dict>
				<key>BUNDLE_LOADER</key>
				<string>$(TEST_HOST)</string>
				<key>FRAMEWORK_SEARCH_PATHS</key>
				<array>
					<string>$(SDKROOT)/Developer/Library/Frameworks</string>
					<string>$(inherited)</string>
				</array>
				<key>INFOPLIST_FILE</key>
				<string>CorkTests/Supporting Files/Info.plist</string>
				<key>LD_RUNPATH_SEARCH_PATHS</key>
				<string>$(inherited) @executable_path/Frameworks @loader_path/Frameworks</string>
				<key>PRODUCT_NAME</key>
				<string>$(TARGET_NAME)</string>
				<key>TEST_HOST</key>
				<string>$(BUILT_PRODUCTS_DIR)/Cork.app/Cork</string>
			</dict>
			<key>isa</key>
			<string>XCBuildConfiguration</string>
			<key>name</key>
			<string>Release</string>
		</dict>
		<key>C3D12D151AE2D3880061C385</key>
		<dict>
			<key>fileEncoding</key>
			<string>4</string>
			<key>isa</key>
			<string>PBXFileReference</string>
			<key>lastKnownFileType</key>
			<string>sourcecode.c.h</string>
			<key>path</key>
			<string>CRKPeripheralController.h</string>
			<key>sourceTree</key>
			<string>&lt;group&gt;</string>
		</dict>
		<key>C3D12D161AE2D3880061C385</key>
		<dict>
			<key>fileEncoding</key>
			<string>4</string>
			<key>isa</key>
			<string>PBXFileReference</string>
			<key>lastKnownFileType</key>
			<string>sourcecode.c.objc</string>
			<key>path</key>
			<string>CRKPeripheralController.m</string>
			<key>sourceTree</key>
			<string>&lt;group&gt;</string>
		</dict>
		<key>C3D12D4A1AE2E0680061C385</key>
		<dict>
			<key>fileEncoding</key>
			<string>4</string>
			<key>isa</key>
			<string>PBXFileReference</string>
			<key>lastKnownFileType</key>
			<string>sourcecode.c.h</string>
			<key>path</key>
			<string>CRKBluetoothCentralController.h</string>
			<key>sourceTree</key>
			<string>&lt;group&gt;</string>
		</dict>
		<key>C3D12D4B1AE2E0680061C385</key>
		<dict>
			<key>fileEncoding</key>
			<string>4</string>
			<key>isa</key>
			<string>PBXFileReference</string>
			<key>lastKnownFileType</key>
			<string>sourcecode.c.objc</string>
			<key>path</key>
			<string>CRKBluetoothCentralController.m</string>
			<key>sourceTree</key>
			<string>&lt;group&gt;</string>
		</dict>
		<key>C3D12D4E1AE2F4010061C385</key>
		<dict>
			<key>fileEncoding</key>
			<string>4</string>
			<key>isa</key>
			<string>PBXFileReference</string>
			<key>lastKnownFileType</key>
			<string>sourcecode.c.h</string>
			<key>path</key>
			<string>NSArray+CRKAdditions.h</string>
			<key>sourceTree</key>
			<string>&lt;group&gt;</string>
		</dict>
		<key>C3D12D4F1AE2F4010061C385</key>
		<dict>
			<key>fileEncoding</key>
			<string>4</string>
			<key>isa</key>
			<string>PBXFileReference</string>
			<key>lastKnownFileType</key>
			<string>sourcecode.c.objc</string>
			<key>path</key>
			<string>NSArray+CRKAdditions.m</string>
			<key>sourceTree</key>
			<string>&lt;group&gt;</string>
		</dict>
		<key>C3D12D501AE2F4010061C385</key>
		<dict>
			<key>fileRef</key>
			<string>C3D12D4F1AE2F4010061C385</string>
			<key>isa</key>
			<string>PBXBuildFile</string>
		</dict>
		<key>C3D12D531AE309970061C385</key>
		<dict>
			<key>children</key>
			<array>
				<string>C3D12D571AE309BC0061C385</string>
				<string>C3D12D551AE309A00061C385</string>
				<string>C3D12D541AE3099B0061C385</string>
				<string>C3D12D561AE309A30061C385</string>
				<string>C3D12D591AE309C90061C385</string>
			</array>
			<key>isa</key>
			<string>PBXGroup</string>
			<key>path</key>
			<string>Classes</string>
			<key>sourceTree</key>
			<string>&lt;group&gt;</string>
		</dict>
		<key>C3D12D541AE3099B0061C385</key>
		<dict>
			<key>children</key>
			<array>
				<string>C3D12D5E1AE30A1C0061C385</string>
				<string>C3D12D5D1AE30A0A0061C385</string>
				<string>C3D12D5C1AE30A060061C385</string>
			</array>
			<key>isa</key>
			<string>PBXGroup</string>
			<key>path</key>
			<string>Controller</string>
			<key>sourceTree</key>
			<string>&lt;group&gt;</string>
		</dict>
		<key>C3D12D551AE309A00061C385</key>
		<dict>
			<key>children</key>
			<array>
				<string>C3D12D5B1AE309E40061C385</string>
				<string>C3D12D5F1AE30A430061C385</string>
			</array>
			<key>isa</key>
			<string>PBXGroup</string>
			<key>path</key>
			<string>Model</string>
			<key>sourceTree</key>
			<string>&lt;group&gt;</string>
		</dict>
		<key>C3D12D561AE309A30061C385</key>
		<dict>
			<key>children</key>
			<array/>
			<key>isa</key>
			<string>PBXGroup</string>
			<key>path</key>
			<string>View</string>
			<key>sourceTree</key>
			<string>&lt;group&gt;</string>
		</dict>
		<key>C3D12D571AE309BC0061C385</key>
		<dict>
			<key>children</key>
			<array>
				<string>C3D12D581AE309BF0061C385</string>
			</array>
			<key>isa</key>
			<string>PBXGroup</string>
			<key>path</key>
			<string>Categories</string>
			<key>sourceTree</key>
			<string>&lt;group&gt;</string>
		</dict>
		<key>C3D12D581AE309BF0061C385</key>
		<dict>
			<key>children</key>
			<array>
				<string>C3D12D4E1AE2F4010061C385</string>
				<string>C3D12D4F1AE2F4010061C385</string>
			</array>
			<key>isa</key>
			<string>PBXGroup</string>
			<key>path</key>
			<string>Foundation</string>
			<key>sourceTree</key>
			<string>&lt;group&gt;</string>
		</dict>
		<key>C3D12D591AE309C90061C385</key>
		<dict>
			<key>children</key>
			<array>
				<string>4C7B68011AE3016800DA4AE5</string>
				<string>4C7B68021AE3016800DA4AE5</string>
			</array>
			<key>isa</key>
			<string>PBXGroup</string>
			<key>path</key>
			<string>Utilities</string>
			<key>sourceTree</key>
			<string>&lt;group&gt;</string>
		</dict>
		<key>C3D12D5A1AE309DC0061C385</key>
		<dict>
			<key>children</key>
			<array>
				<string>4C5B1E8B1AE2F5BE00567980</string>
				<string>4C5B1E8C1AE2F5BE00567980</string>
			</array>
			<key>isa</key>
			<string>PBXGroup</string>
			<key>path</key>
			<string>Generated</string>
			<key>sourceTree</key>
			<string>&lt;group&gt;</string>
		</dict>
		<key>C3D12D5B1AE309E40061C385</key>
		<dict>
			<key>children</key>
			<array>
				<string>4C5B1E841AE2F09600567980</string>
				<string>4C5B1E881AE2F5BE00567980</string>
				<string>4C5B1E891AE2F5BE00567980</string>
				<string>C3D12D5A1AE309DC0061C385</string>
			</array>
			<key>isa</key>
			<string>PBXGroup</string>
			<key>path</key>
			<string>Core Data</string>
			<key>sourceTree</key>
			<string>&lt;group&gt;</string>
		</dict>
		<key>C3D12D5C1AE30A060061C385</key>
		<dict>
			<key>children</key>
			<array>
				<string>C3D12CF31AE2CF020061C385</string>
				<string>C3D12CF41AE2CF020061C385</string>
			</array>
			<key>isa</key>
			<string>PBXGroup</string>
			<key>path</key>
			<string>Application</string>
			<key>sourceTree</key>
			<string>&lt;group&gt;</string>
		</dict>
		<key>C3D12D5D1AE30A0A0061C385</key>
		<dict>
			<key>children</key>
			<array>
				<string>C3D12CF61AE2CF020061C385</string>
				<string>C3D12CF71AE2CF020061C385</string>
			</array>
			<key>isa</key>
			<string>PBXGroup</string>
			<key>path</key>
			<string>View Controllers</string>
			<key>sourceTree</key>
			<string>&lt;group&gt;</string>
		</dict>
		<key>C3D12D5E1AE30A1C0061C385</key>
		<dict>
			<key>children</key>
			<array>
				<string>C3D12D151AE2D3880061C385</string>
				<string>C3D12D161AE2D3880061C385</string>
				<string>C3D12D4A1AE2E0680061C385</string>
				<string>C3D12D4B1AE2E0680061C385</string>
			</array>
			<key>isa</key>
			<string>PBXGroup</string>
			<key>path</key>
			<string>Networking</string>
			<key>sourceTree</key>
			<string>&lt;group&gt;</string>
		</dict>
		<key>C3D12D5F1AE30A430061C385</key>
		<dict>
			<key>fileEncoding</key>
			<string>4</string>
			<key>isa</key>
			<string>PBXFileReference</string>
			<key>lastKnownFileType</key>
			<string>sourcecode.c.h</string>
			<key>name</key>
			<string>CRKMessageProtocol.h</string>
			<key>path</key>
			<string>CRKMessageProtocol.h</string>
			<key>sourceTree</key>
			<string>&lt;group&gt;</string>
		</dict>
		<key>C3FD16891AE30AEF003D22DD</key>
		<dict>
			<key>fileRef</key>
			<string>C3D12D4B1AE2E0680061C385</string>
			<key>isa</key>
			<string>PBXBuildFile</string>
		</dict>
		<key>C3FD168A1AE30AF2003D22DD</key>
		<dict>
			<key>fileRef</key>
			<string>C3D12D161AE2D3880061C385</string>
			<key>isa</key>
			<string>PBXBuildFile</string>
		</dict>
		<key>C3FD168B1AE30B0B003D22DD</key>
		<dict>
			<key>children</key>
			<array>
				<string>C3D12CF91AE2CF020061C385</string>
				<string>C3D12CFC1AE2CF020061C385</string>
				<string>C3D12CFE1AE2CF020061C385</string>
			</array>
			<key>isa</key>
			<string>PBXGroup</string>
			<key>path</key>
			<string>Resources</string>
			<key>sourceTree</key>
			<string>&lt;group&gt;</string>
		</dict>
	</dict>
	<key>rootObject</key>
	<string>C3D12CE41AE2CF020061C385</string>
</dict>
</plist>
